// !$*UTF8*$!
{
	archiveVersion = 1;
	classes = {
	};
	objectVersion = 56;
	objects = {

/* Begin PBXBuildFile section */
		133DADDE2B7F4B5C00A38ABE /* SettingsView.swift in Sources */ = {isa = PBXBuildFile; fileRef = 133DADDD2B7F4B5C00A38ABE /* SettingsView.swift */; };
		133DADE02B7F53E300A38ABE /* AsyncDataService.swift in Sources */ = {isa = PBXBuildFile; fileRef = 133DADDF2B7F53E300A38ABE /* AsyncDataService.swift */; };
		133DADE32B7F584900A38ABE /* TestView.swift in Sources */ = {isa = PBXBuildFile; fileRef = 133DADE22B7F584900A38ABE /* TestView.swift */; };
		133DADE52B7F58BE00A38ABE /* TestViewModel.swift in Sources */ = {isa = PBXBuildFile; fileRef = 133DADE42B7F58BE00A38ABE /* TestViewModel.swift */; };
		133DADE72B7F9DFA00A38ABE /* MainView.swift in Sources */ = {isa = PBXBuildFile; fileRef = 133DADE62B7F9DFA00A38ABE /* MainView.swift */; };
		133DADE92B7FA55400A38ABE /* AdvancedList.swift in Sources */ = {isa = PBXBuildFile; fileRef = 133DADE82B7FA55400A38ABE /* AdvancedList.swift */; };
		133DADEB2B7FA98D00A38ABE /* ChatMessageView.swift in Sources */ = {isa = PBXBuildFile; fileRef = 133DADEA2B7FA98D00A38ABE /* ChatMessageView.swift */; };
		133DADED2B80B2E400A38ABE /* Params.swift in Sources */ = {isa = PBXBuildFile; fileRef = 133DADEC2B80B2E400A38ABE /* Params.swift */; };
		133DADEF2B80D64200A38ABE /* SettingsViewModel.swift in Sources */ = {isa = PBXBuildFile; fileRef = 133DADEE2B80D64200A38ABE /* SettingsViewModel.swift */; };
		133DADF12B8384EC00A38ABE /* AppDelegate.swift in Sources */ = {isa = PBXBuildFile; fileRef = 133DADF02B8384EC00A38ABE /* AppDelegate.swift */; };
		133DADF42B87568000A38ABE /* Resolver in Frameworks */ = {isa = PBXBuildFile; productRef = 133DADF32B87568000A38ABE /* Resolver */; };
		133DADFA2B8756BF00A38ABE /* AppDelegate+Injection.swift in Sources */ = {isa = PBXBuildFile; fileRef = 133DADF92B8756BF00A38ABE /* AppDelegate+Injection.swift */; };
		133DADFC2B87577900A38ABE /* AppServices+Injection.swift in Sources */ = {isa = PBXBuildFile; fileRef = 133DADFB2B87577900A38ABE /* AppServices+Injection.swift */; };
		1386DFE32BEE158600C50956 /* QueryHolder.swift in Sources */ = {isa = PBXBuildFile; fileRef = 1386DFE22BEE158600C50956 /* QueryHolder.swift */; };
		1386DFE52BEE196C00C50956 /* Chat.swift in Sources */ = {isa = PBXBuildFile; fileRef = 1386DFE42BEE196C00C50956 /* Chat.swift */; };
		139EBA532B7B9DC800F31080 /* SidebarView.swift in Sources */ = {isa = PBXBuildFile; fileRef = 139EBA522B7B9DC800F31080 /* SidebarView.swift */; };
		139EBA562B7CA83800F31080 /* MainViewModel.swift in Sources */ = {isa = PBXBuildFile; fileRef = 139EBA552B7CA83800F31080 /* MainViewModel.swift */; };
		139EBA592B7CB3DB00F31080 /* DBService.swift in Sources */ = {isa = PBXBuildFile; fileRef = 139EBA582B7CB3DB00F31080 /* DBService.swift */; };
		139EBA5C2B7CB59C00F31080 /* FMDB in Frameworks */ = {isa = PBXBuildFile; productRef = 139EBA5B2B7CB59C00F31080 /* FMDB */; };
		139EBA5F2B7CB97100F31080 /* CHRecord.swift in Sources */ = {isa = PBXBuildFile; fileRef = 139EBA5E2B7CB97100F31080 /* CHRecord.swift */; };
		139EBA622B7CEB1400F31080 /* Color.swift in Sources */ = {isa = PBXBuildFile; fileRef = 139EBA612B7CEB1400F31080 /* Color.swift */; };
		139EBA652B7CFAA700F31080 /* OpenAI in Frameworks */ = {isa = PBXBuildFile; productRef = 139EBA642B7CFAA700F31080 /* OpenAI */; };
		139EBA672B7D046800F31080 /* AIService.swift in Sources */ = {isa = PBXBuildFile; fileRef = 139EBA662B7D046800F31080 /* AIService.swift */; };
		13B108932B7B44B200FA34AA /* ChatSwiftUIApp.swift in Sources */ = {isa = PBXBuildFile; fileRef = 13B108922B7B44B200FA34AA /* ChatSwiftUIApp.swift */; };
		13B108952B7B44B200FA34AA /* ContentView.swift in Sources */ = {isa = PBXBuildFile; fileRef = 13B108942B7B44B200FA34AA /* ContentView.swift */; };
		13B108972B7B44B400FA34AA /* Assets.xcassets in Resources */ = {isa = PBXBuildFile; fileRef = 13B108962B7B44B400FA34AA /* Assets.xcassets */; };
		13B1089A2B7B44B400FA34AA /* Preview Assets.xcassets in Resources */ = {isa = PBXBuildFile; fileRef = 13B108992B7B44B400FA34AA /* Preview Assets.xcassets */; };
/* End PBXBuildFile section */

/* Begin PBXFileReference section */
		133DADDD2B7F4B5C00A38ABE /* SettingsView.swift */ = {isa = PBXFileReference; lastKnownFileType = sourcecode.swift; path = SettingsView.swift; sourceTree = "<group>"; };
		133DADDF2B7F53E300A38ABE /* AsyncDataService.swift */ = {isa = PBXFileReference; lastKnownFileType = sourcecode.swift; path = AsyncDataService.swift; sourceTree = "<group>"; };
		133DADE22B7F584900A38ABE /* TestView.swift */ = {isa = PBXFileReference; lastKnownFileType = sourcecode.swift; path = TestView.swift; sourceTree = "<group>"; };
		133DADE42B7F58BE00A38ABE /* TestViewModel.swift */ = {isa = PBXFileReference; lastKnownFileType = sourcecode.swift; path = TestViewModel.swift; sourceTree = "<group>"; };
		133DADE62B7F9DFA00A38ABE /* MainView.swift */ = {isa = PBXFileReference; lastKnownFileType = sourcecode.swift; path = MainView.swift; sourceTree = "<group>"; };
		133DADE82B7FA55400A38ABE /* AdvancedList.swift */ = {isa = PBXFileReference; lastKnownFileType = sourcecode.swift; path = AdvancedList.swift; sourceTree = "<group>"; };
		133DADEA2B7FA98D00A38ABE /* ChatMessageView.swift */ = {isa = PBXFileReference; lastKnownFileType = sourcecode.swift; path = ChatMessageView.swift; sourceTree = "<group>"; };
		133DADEC2B80B2E400A38ABE /* Params.swift */ = {isa = PBXFileReference; lastKnownFileType = sourcecode.swift; path = Params.swift; sourceTree = "<group>"; };
		133DADEE2B80D64200A38ABE /* SettingsViewModel.swift */ = {isa = PBXFileReference; lastKnownFileType = sourcecode.swift; path = SettingsViewModel.swift; sourceTree = "<group>"; };
		133DADF02B8384EC00A38ABE /* AppDelegate.swift */ = {isa = PBXFileReference; lastKnownFileType = sourcecode.swift; path = AppDelegate.swift; sourceTree = "<group>"; };
		133DADF92B8756BF00A38ABE /* AppDelegate+Injection.swift */ = {isa = PBXFileReference; lastKnownFileType = sourcecode.swift; path = "AppDelegate+Injection.swift"; sourceTree = "<group>"; };
		133DADFB2B87577900A38ABE /* AppServices+Injection.swift */ = {isa = PBXFileReference; lastKnownFileType = sourcecode.swift; path = "AppServices+Injection.swift"; sourceTree = "<group>"; };
		1386DFE22BEE158600C50956 /* QueryHolder.swift */ = {isa = PBXFileReference; lastKnownFileType = sourcecode.swift; path = QueryHolder.swift; sourceTree = "<group>"; };
		1386DFE42BEE196C00C50956 /* Chat.swift */ = {isa = PBXFileReference; lastKnownFileType = sourcecode.swift; path = Chat.swift; sourceTree = "<group>"; };
		139EBA522B7B9DC800F31080 /* SidebarView.swift */ = {isa = PBXFileReference; lastKnownFileType = sourcecode.swift; path = SidebarView.swift; sourceTree = "<group>"; };
		139EBA552B7CA83800F31080 /* MainViewModel.swift */ = {isa = PBXFileReference; lastKnownFileType = sourcecode.swift; path = MainViewModel.swift; sourceTree = "<group>"; };
		139EBA582B7CB3DB00F31080 /* DBService.swift */ = {isa = PBXFileReference; lastKnownFileType = sourcecode.swift; path = DBService.swift; sourceTree = "<group>"; };
		139EBA5E2B7CB97100F31080 /* CHRecord.swift */ = {isa = PBXFileReference; lastKnownFileType = sourcecode.swift; path = CHRecord.swift; sourceTree = "<group>"; };
		139EBA612B7CEB1400F31080 /* Color.swift */ = {isa = PBXFileReference; lastKnownFileType = sourcecode.swift; path = Color.swift; sourceTree = "<group>"; };
		139EBA662B7D046800F31080 /* AIService.swift */ = {isa = PBXFileReference; lastKnownFileType = sourcecode.swift; path = AIService.swift; sourceTree = "<group>"; };
		13B1088F2B7B44B200FA34AA /* ChatSwiftUI.app */ = {isa = PBXFileReference; explicitFileType = wrapper.application; includeInIndex = 0; path = ChatSwiftUI.app; sourceTree = BUILT_PRODUCTS_DIR; };
		13B108922B7B44B200FA34AA /* ChatSwiftUIApp.swift */ = {isa = PBXFileReference; lastKnownFileType = sourcecode.swift; path = ChatSwiftUIApp.swift; sourceTree = "<group>"; };
		13B108942B7B44B200FA34AA /* ContentView.swift */ = {isa = PBXFileReference; lastKnownFileType = sourcecode.swift; path = ContentView.swift; sourceTree = "<group>"; };
		13B108962B7B44B400FA34AA /* Assets.xcassets */ = {isa = PBXFileReference; lastKnownFileType = folder.assetcatalog; path = Assets.xcassets; sourceTree = "<group>"; };
		13B108992B7B44B400FA34AA /* Preview Assets.xcassets */ = {isa = PBXFileReference; lastKnownFileType = folder.assetcatalog; path = "Preview Assets.xcassets"; sourceTree = "<group>"; };
		13B1089B2B7B44B400FA34AA /* ChatSwiftUI.entitlements */ = {isa = PBXFileReference; lastKnownFileType = text.plist.entitlements; path = ChatSwiftUI.entitlements; sourceTree = "<group>"; };
/* End PBXFileReference section */

/* Begin PBXFrameworksBuildPhase section */
		13B1088C2B7B44B200FA34AA /* Frameworks */ = {
			isa = PBXFrameworksBuildPhase;
			buildActionMask = 2147483647;
			files = (
				133DADF42B87568000A38ABE /* Resolver in Frameworks */,
				139EBA652B7CFAA700F31080 /* OpenAI in Frameworks */,
				139EBA5C2B7CB59C00F31080 /* FMDB in Frameworks */,
			);
			runOnlyForDeploymentPostprocessing = 0;
		};
/* End PBXFrameworksBuildPhase section */

/* Begin PBXGroup section */
		133DADDC2B7F4B3200A38ABE /* SettingsView */ = {
			isa = PBXGroup;
			children = (
				133DADDD2B7F4B5C00A38ABE /* SettingsView.swift */,
				133DADEE2B80D64200A38ABE /* SettingsViewModel.swift */,
			);
			path = SettingsView;
			sourceTree = "<group>";
		};
		133DADE12B7F583700A38ABE /* TestView */ = {
			isa = PBXGroup;
			children = (
				133DADE22B7F584900A38ABE /* TestView.swift */,
				133DADE42B7F58BE00A38ABE /* TestViewModel.swift */,
			);
			path = TestView;
			sourceTree = "<group>";
		};
		139EBA542B7CA81200F31080 /* MainView */ = {
			isa = PBXGroup;
			children = (
				139EBA552B7CA83800F31080 /* MainViewModel.swift */,
				133DADE62B7F9DFA00A38ABE /* MainView.swift */,
				133DADE82B7FA55400A38ABE /* AdvancedList.swift */,
				133DADEA2B7FA98D00A38ABE /* ChatMessageView.swift */,
			);
			path = MainView;
			sourceTree = "<group>";
		};
		139EBA572B7CB3A000F31080 /* Services */ = {
			isa = PBXGroup;
			children = (
				139EBA582B7CB3DB00F31080 /* DBService.swift */,
				139EBA662B7D046800F31080 /* AIService.swift */,
				133DADDF2B7F53E300A38ABE /* AsyncDataService.swift */,
				1386DFE22BEE158600C50956 /* QueryHolder.swift */,
			);
			path = Services;
			sourceTree = "<group>";
		};
		139EBA5D2B7CB95C00F31080 /* Model */ = {
			isa = PBXGroup;
			children = (
				139EBA5E2B7CB97100F31080 /* CHRecord.swift */,
				133DADEC2B80B2E400A38ABE /* Params.swift */,
				1386DFE42BEE196C00C50956 /* Chat.swift */,
			);
			path = Model;
			sourceTree = "<group>";
		};
		139EBA602B7CEAF900F31080 /* Resources */ = {
			isa = PBXGroup;
			children = (
				139EBA612B7CEB1400F31080 /* Color.swift */,
			);
			path = Resources;
			sourceTree = "<group>";
		};
		13B108862B7B44B200FA34AA = {
			isa = PBXGroup;
			children = (
				13B108912B7B44B200FA34AA /* ChatSwiftUI */,
				13B108902B7B44B200FA34AA /* Products */,
			);
			sourceTree = "<group>";
		};
		13B108902B7B44B200FA34AA /* Products */ = {
			isa = PBXGroup;
			children = (
				13B1088F2B7B44B200FA34AA /* ChatSwiftUI.app */,
			);
			name = Products;
			sourceTree = "<group>";
		};
		13B108912B7B44B200FA34AA /* ChatSwiftUI */ = {
			isa = PBXGroup;
			children = (
				133DADE12B7F583700A38ABE /* TestView */,
				133DADDC2B7F4B3200A38ABE /* SettingsView */,
				139EBA602B7CEAF900F31080 /* Resources */,
				139EBA5D2B7CB95C00F31080 /* Model */,
				139EBA572B7CB3A000F31080 /* Services */,
				139EBA542B7CA81200F31080 /* MainView */,
				139EBA522B7B9DC800F31080 /* SidebarView.swift */,
				13B108922B7B44B200FA34AA /* ChatSwiftUIApp.swift */,
				13B108942B7B44B200FA34AA /* ContentView.swift */,
				13B108962B7B44B400FA34AA /* Assets.xcassets */,
				13B1089B2B7B44B400FA34AA /* ChatSwiftUI.entitlements */,
				13B108982B7B44B400FA34AA /* Preview Content */,
				133DADF02B8384EC00A38ABE /* AppDelegate.swift */,
				133DADF92B8756BF00A38ABE /* AppDelegate+Injection.swift */,
				133DADFB2B87577900A38ABE /* AppServices+Injection.swift */,
			);
			path = ChatSwiftUI;
			sourceTree = "<group>";
		};
		13B108982B7B44B400FA34AA /* Preview Content */ = {
			isa = PBXGroup;
			children = (
				13B108992B7B44B400FA34AA /* Preview Assets.xcassets */,
			);
			path = "Preview Content";
			sourceTree = "<group>";
		};
/* End PBXGroup section */

/* Begin PBXNativeTarget section */
		13B1088E2B7B44B200FA34AA /* ChatSwiftUI */ = {
			isa = PBXNativeTarget;
			buildConfigurationList = 13B1089E2B7B44B400FA34AA /* Build configuration list for PBXNativeTarget "ChatSwiftUI" */;
			buildPhases = (
				13B1088B2B7B44B200FA34AA /* Sources */,
				13B1088C2B7B44B200FA34AA /* Frameworks */,
				13B1088D2B7B44B200FA34AA /* Resources */,
			);
			buildRules = (
			);
			dependencies = (
			);
			name = ChatSwiftUI;
			packageProductDependencies = (
				139EBA5B2B7CB59C00F31080 /* FMDB */,
				139EBA642B7CFAA700F31080 /* OpenAI */,
				133DADF32B87568000A38ABE /* Resolver */,
			);
			productName = ChatSwiftUI;
			productReference = 13B1088F2B7B44B200FA34AA /* ChatSwiftUI.app */;
			productType = "com.apple.product-type.application";
		};
/* End PBXNativeTarget section */

/* Begin PBXProject section */
		13B108872B7B44B200FA34AA /* Project object */ = {
			isa = PBXProject;
			attributes = {
				BuildIndependentTargetsInParallel = 1;
				LastSwiftUpdateCheck = 1520;
				LastUpgradeCheck = 1520;
				TargetAttributes = {
					13B1088E2B7B44B200FA34AA = {
						CreatedOnToolsVersion = 15.2;
					};
				};
			};
			buildConfigurationList = 13B1088A2B7B44B200FA34AA /* Build configuration list for PBXProject "ChatSwiftUI" */;
			compatibilityVersion = "Xcode 14.0";
			developmentRegion = en;
			hasScannedForEncodings = 0;
			knownRegions = (
				en,
				Base,
			);
			mainGroup = 13B108862B7B44B200FA34AA;
			packageReferences = (
				139EBA5A2B7CB59C00F31080 /* XCRemoteSwiftPackageReference "fmdb" */,
				139EBA632B7CFAA700F31080 /* XCRemoteSwiftPackageReference "OpenAI" */,
				133DADF22B87568000A38ABE /* XCRemoteSwiftPackageReference "Resolver" */,
			);
			productRefGroup = 13B108902B7B44B200FA34AA /* Products */;
			projectDirPath = "";
			projectRoot = "";
			targets = (
				13B1088E2B7B44B200FA34AA /* ChatSwiftUI */,
			);
		};
/* End PBXProject section */

/* Begin PBXResourcesBuildPhase section */
		13B1088D2B7B44B200FA34AA /* Resources */ = {
			isa = PBXResourcesBuildPhase;
			buildActionMask = 2147483647;
			files = (
				13B1089A2B7B44B400FA34AA /* Preview Assets.xcassets in Resources */,
				13B108972B7B44B400FA34AA /* Assets.xcassets in Resources */,
			);
			runOnlyForDeploymentPostprocessing = 0;
		};
/* End PBXResourcesBuildPhase section */

/* Begin PBXSourcesBuildPhase section */
		13B1088B2B7B44B200FA34AA /* Sources */ = {
			isa = PBXSourcesBuildPhase;
			buildActionMask = 2147483647;
			files = (
				133DADEB2B7FA98D00A38ABE /* ChatMessageView.swift in Sources */,
				13B108952B7B44B200FA34AA /* ContentView.swift in Sources */,
				133DADE72B7F9DFA00A38ABE /* MainView.swift in Sources */,
				139EBA592B7CB3DB00F31080 /* DBService.swift in Sources */,
				133DADE32B7F584900A38ABE /* TestView.swift in Sources */,
				139EBA622B7CEB1400F31080 /* Color.swift in Sources */,
				133DADDE2B7F4B5C00A38ABE /* SettingsView.swift in Sources */,
				133DADE02B7F53E300A38ABE /* AsyncDataService.swift in Sources */,
				133DADEF2B80D64200A38ABE /* SettingsViewModel.swift in Sources */,
				133DADFC2B87577900A38ABE /* AppServices+Injection.swift in Sources */,
				133DADE52B7F58BE00A38ABE /* TestViewModel.swift in Sources */,
				139EBA5F2B7CB97100F31080 /* CHRecord.swift in Sources */,
				13B108932B7B44B200FA34AA /* ChatSwiftUIApp.swift in Sources */,
				1386DFE32BEE158600C50956 /* QueryHolder.swift in Sources */,
				133DADFA2B8756BF00A38ABE /* AppDelegate+Injection.swift in Sources */,
				133DADF12B8384EC00A38ABE /* AppDelegate.swift in Sources */,
				133DADED2B80B2E400A38ABE /* Params.swift in Sources */,
				1386DFE52BEE196C00C50956 /* Chat.swift in Sources */,
				139EBA672B7D046800F31080 /* AIService.swift in Sources */,
				133DADE92B7FA55400A38ABE /* AdvancedList.swift in Sources */,
				139EBA532B7B9DC800F31080 /* SidebarView.swift in Sources */,
				139EBA562B7CA83800F31080 /* MainViewModel.swift in Sources */,
			);
			runOnlyForDeploymentPostprocessing = 0;
		};
/* End PBXSourcesBuildPhase section */

/* Begin XCBuildConfiguration section */
		13B1089C2B7B44B400FA34AA /* Debug */ = {
			isa = XCBuildConfiguration;
			buildSettings = {
				ALWAYS_SEARCH_USER_PATHS = NO;
				ASSETCATALOG_COMPILER_GENERATE_SWIFT_ASSET_SYMBOL_EXTENSIONS = YES;
				CLANG_ANALYZER_NONNULL = YES;
				CLANG_ANALYZER_NUMBER_OBJECT_CONVERSION = YES_AGGRESSIVE;
				CLANG_CXX_LANGUAGE_STANDARD = "gnu++20";
				CLANG_ENABLE_MODULES = YES;
				CLANG_ENABLE_OBJC_ARC = YES;
				CLANG_ENABLE_OBJC_WEAK = YES;
				CLANG_WARN_BLOCK_CAPTURE_AUTORELEASING = YES;
				CLANG_WARN_BOOL_CONVERSION = YES;
				CLANG_WARN_COMMA = YES;
				CLANG_WARN_CONSTANT_CONVERSION = YES;
				CLANG_WARN_DEPRECATED_OBJC_IMPLEMENTATIONS = YES;
				CLANG_WARN_DIRECT_OBJC_ISA_USAGE = YES_ERROR;
				CLANG_WARN_DOCUMENTATION_COMMENTS = YES;
				CLANG_WARN_EMPTY_BODY = YES;
				CLANG_WARN_ENUM_CONVERSION = YES;
				CLANG_WARN_INFINITE_RECURSION = YES;
				CLANG_WARN_INT_CONVERSION = YES;
				CLANG_WARN_NON_LITERAL_NULL_CONVERSION = YES;
				CLANG_WARN_OBJC_IMPLICIT_RETAIN_SELF = YES;
				CLANG_WARN_OBJC_LITERAL_CONVERSION = YES;
				CLANG_WARN_OBJC_ROOT_CLASS = YES_ERROR;
				CLANG_WARN_QUOTED_INCLUDE_IN_FRAMEWORK_HEADER = YES;
				CLANG_WARN_RANGE_LOOP_ANALYSIS = YES;
				CLANG_WARN_STRICT_PROTOTYPES = YES;
				CLANG_WARN_SUSPICIOUS_MOVE = YES;
				CLANG_WARN_UNGUARDED_AVAILABILITY = YES_AGGRESSIVE;
				CLANG_WARN_UNREACHABLE_CODE = YES;
				CLANG_WARN__DUPLICATE_METHOD_MATCH = YES;
				COPY_PHASE_STRIP = NO;
				DEBUG_INFORMATION_FORMAT = dwarf;
				ENABLE_STRICT_OBJC_MSGSEND = YES;
				ENABLE_TESTABILITY = YES;
				ENABLE_USER_SCRIPT_SANDBOXING = YES;
				GCC_C_LANGUAGE_STANDARD = gnu17;
				GCC_DYNAMIC_NO_PIC = NO;
				GCC_NO_COMMON_BLOCKS = YES;
				GCC_OPTIMIZATION_LEVEL = 0;
				GCC_PREPROCESSOR_DEFINITIONS = (
					"DEBUG=1",
					"$(inherited)",
				);
				GCC_WARN_64_TO_32_BIT_CONVERSION = YES;
				GCC_WARN_ABOUT_RETURN_TYPE = YES_ERROR;
				GCC_WARN_UNDECLARED_SELECTOR = YES;
				GCC_WARN_UNINITIALIZED_AUTOS = YES_AGGRESSIVE;
				GCC_WARN_UNUSED_FUNCTION = YES;
				GCC_WARN_UNUSED_VARIABLE = YES;
				LOCALIZATION_PREFERS_STRING_CATALOGS = YES;
				MACOSX_DEPLOYMENT_TARGET = 14.2;
				MTL_ENABLE_DEBUG_INFO = INCLUDE_SOURCE;
				MTL_FAST_MATH = YES;
				ONLY_ACTIVE_ARCH = YES;
				SDKROOT = macosx;
				SWIFT_ACTIVE_COMPILATION_CONDITIONS = "DEBUG $(inherited)";
				SWIFT_OPTIMIZATION_LEVEL = "-Onone";
			};
			name = Debug;
		};
		13B1089D2B7B44B400FA34AA /* Release */ = {
			isa = XCBuildConfiguration;
			buildSettings = {
				ALWAYS_SEARCH_USER_PATHS = NO;
				ASSETCATALOG_COMPILER_GENERATE_SWIFT_ASSET_SYMBOL_EXTENSIONS = YES;
				CLANG_ANALYZER_NONNULL = YES;
				CLANG_ANALYZER_NUMBER_OBJECT_CONVERSION = YES_AGGRESSIVE;
				CLANG_CXX_LANGUAGE_STANDARD = "gnu++20";
				CLANG_ENABLE_MODULES = YES;
				CLANG_ENABLE_OBJC_ARC = YES;
				CLANG_ENABLE_OBJC_WEAK = YES;
				CLANG_WARN_BLOCK_CAPTURE_AUTORELEASING = YES;
				CLANG_WARN_BOOL_CONVERSION = YES;
				CLANG_WARN_COMMA = YES;
				CLANG_WARN_CONSTANT_CONVERSION = YES;
				CLANG_WARN_DEPRECATED_OBJC_IMPLEMENTATIONS = YES;
				CLANG_WARN_DIRECT_OBJC_ISA_USAGE = YES_ERROR;
				CLANG_WARN_DOCUMENTATION_COMMENTS = YES;
				CLANG_WARN_EMPTY_BODY = YES;
				CLANG_WARN_ENUM_CONVERSION = YES;
				CLANG_WARN_INFINITE_RECURSION = YES;
				CLANG_WARN_INT_CONVERSION = YES;
				CLANG_WARN_NON_LITERAL_NULL_CONVERSION = YES;
				CLANG_WARN_OBJC_IMPLICIT_RETAIN_SELF = YES;
				CLANG_WARN_OBJC_LITERAL_CONVERSION = YES;
				CLANG_WARN_OBJC_ROOT_CLASS = YES_ERROR;
				CLANG_WARN_QUOTED_INCLUDE_IN_FRAMEWORK_HEADER = YES;
				CLANG_WARN_RANGE_LOOP_ANALYSIS = YES;
				CLANG_WARN_STRICT_PROTOTYPES = YES;
				CLANG_WARN_SUSPICIOUS_MOVE = YES;
				CLANG_WARN_UNGUARDED_AVAILABILITY = YES_AGGRESSIVE;
				CLANG_WARN_UNREACHABLE_CODE = YES;
				CLANG_WARN__DUPLICATE_METHOD_MATCH = YES;
				COPY_PHASE_STRIP = NO;
				DEBUG_INFORMATION_FORMAT = "dwarf-with-dsym";
				ENABLE_NS_ASSERTIONS = NO;
				ENABLE_STRICT_OBJC_MSGSEND = YES;
				ENABLE_USER_SCRIPT_SANDBOXING = YES;
				GCC_C_LANGUAGE_STANDARD = gnu17;
				GCC_NO_COMMON_BLOCKS = YES;
				GCC_WARN_64_TO_32_BIT_CONVERSION = YES;
				GCC_WARN_ABOUT_RETURN_TYPE = YES_ERROR;
				GCC_WARN_UNDECLARED_SELECTOR = YES;
				GCC_WARN_UNINITIALIZED_AUTOS = YES_AGGRESSIVE;
				GCC_WARN_UNUSED_FUNCTION = YES;
				GCC_WARN_UNUSED_VARIABLE = YES;
				LOCALIZATION_PREFERS_STRING_CATALOGS = YES;
				MACOSX_DEPLOYMENT_TARGET = 14.2;
				MTL_ENABLE_DEBUG_INFO = NO;
				MTL_FAST_MATH = YES;
				SDKROOT = macosx;
				SWIFT_COMPILATION_MODE = wholemodule;
			};
			name = Release;
		};
		13B1089F2B7B44B400FA34AA /* Debug */ = {
			isa = XCBuildConfiguration;
			buildSettings = {
				ASSETCATALOG_COMPILER_APPICON_NAME = AppIcon;
				ASSETCATALOG_COMPILER_GLOBAL_ACCENT_COLOR_NAME = AccentColor;
				ASSETCATALOG_COMPILER_INCLUDE_ALL_APPICON_ASSETS = NO;
				CODE_SIGN_ENTITLEMENTS = ChatSwiftUI/ChatSwiftUI.entitlements;
				CODE_SIGN_STYLE = Automatic;
				COMBINE_HIDPI_IMAGES = YES;
				CURRENT_PROJECT_VERSION = 1;
				DEVELOPMENT_ASSET_PATHS = "\"ChatSwiftUI/Preview Content\"";
				DEVELOPMENT_TEAM = J34YYH46QN;
				ENABLE_HARDENED_RUNTIME = YES;
				ENABLE_PREVIEWS = YES;
				GENERATE_INFOPLIST_FILE = YES;
				INFOPLIST_KEY_NSHumanReadableCopyright = "";
				LD_RUNPATH_SEARCH_PATHS = (
					"$(inherited)",
					"@executable_path/../Frameworks",
				);
				MARKETING_VERSION = 0.1.3;
				PRODUCT_BUNDLE_IDENTIFIER = dev.ChatSwiftUI;
				PRODUCT_NAME = "$(TARGET_NAME)";
				SWIFT_EMIT_LOC_STRINGS = YES;
				SWIFT_VERSION = 5.0;
			};
			name = Debug;
		};
		13B108A02B7B44B400FA34AA /* Release */ = {
			isa = XCBuildConfiguration;
			buildSettings = {
				ASSETCATALOG_COMPILER_APPICON_NAME = AppIcon;
				ASSETCATALOG_COMPILER_GLOBAL_ACCENT_COLOR_NAME = AccentColor;
				ASSETCATALOG_COMPILER_INCLUDE_ALL_APPICON_ASSETS = NO;
				CODE_SIGN_ENTITLEMENTS = ChatSwiftUI/ChatSwiftUI.entitlements;
				CODE_SIGN_STYLE = Automatic;
				COMBINE_HIDPI_IMAGES = YES;
				CURRENT_PROJECT_VERSION = 1;
				DEVELOPMENT_ASSET_PATHS = "\"ChatSwiftUI/Preview Content\"";
				DEVELOPMENT_TEAM = J34YYH46QN;
				ENABLE_HARDENED_RUNTIME = YES;
				ENABLE_PREVIEWS = YES;
				GENERATE_INFOPLIST_FILE = YES;
				INFOPLIST_KEY_NSHumanReadableCopyright = "";
				LD_RUNPATH_SEARCH_PATHS = (
					"$(inherited)",
					"@executable_path/../Frameworks",
				);
				MARKETING_VERSION = 0.1.3;
				PRODUCT_BUNDLE_IDENTIFIER = dev.ChatSwiftUI;
				PRODUCT_NAME = "$(TARGET_NAME)";
				SWIFT_EMIT_LOC_STRINGS = YES;
				SWIFT_VERSION = 5.0;
			};
			name = Release;
		};
/* End XCBuildConfiguration section */

/* Begin XCConfigurationList section */
		13B1088A2B7B44B200FA34AA /* Build configuration list for PBXProject "ChatSwiftUI" */ = {
			isa = XCConfigurationList;
			buildConfigurations = (
				13B1089C2B7B44B400FA34AA /* Debug */,
				13B1089D2B7B44B400FA34AA /* Release */,
			);
			defaultConfigurationIsVisible = 0;
			defaultConfigurationName = Release;
		};
		13B1089E2B7B44B400FA34AA /* Build configuration list for PBXNativeTarget "ChatSwiftUI" */ = {
			isa = XCConfigurationList;
			buildConfigurations = (
				13B1089F2B7B44B400FA34AA /* Debug */,
				13B108A02B7B44B400FA34AA /* Release */,
			);
			defaultConfigurationIsVisible = 0;
			defaultConfigurationName = Release;
		};
/* End XCConfigurationList section */

/* Begin XCRemoteSwiftPackageReference section */
		133DADF22B87568000A38ABE /* XCRemoteSwiftPackageReference "Resolver" */ = {
			isa = XCRemoteSwiftPackageReference;
			repositoryURL = "https://github.com/hmlongco/Resolver.git";
			requirement = {
				kind = upToNextMajorVersion;
				minimumVersion = 1.5.0;
			};
		};
		139EBA5A2B7CB59C00F31080 /* XCRemoteSwiftPackageReference "fmdb" */ = {
			isa = XCRemoteSwiftPackageReference;
			repositoryURL = "https://github.com/ccgus/fmdb";
			requirement = {
				kind = upToNextMajorVersion;
				minimumVersion = 2.7.9;
			};
		};
		139EBA632B7CFAA700F31080 /* XCRemoteSwiftPackageReference "OpenAI" */ = {
			isa = XCRemoteSwiftPackageReference;
			repositoryURL = "https://github.com/MacPaw/OpenAI.git";
			requirement = {
				kind = upToNextMajorVersion;
				minimumVersion = 0.2.6;
			};
		};
/* End XCRemoteSwiftPackageReference section */

/* Begin XCSwiftPackageProductDependency section */
		133DADF32B87568000A38ABE /* Resolver */ = {
			isa = XCSwiftPackageProductDependency;
			package = 133DADF22B87568000A38ABE /* XCRemoteSwiftPackageReference "Resolver" */;
			productName = Resolver;
		};
		139EBA5B2B7CB59C00F31080 /* FMDB */ = {
			isa = XCSwiftPackageProductDependency;
			package = 139EBA5A2B7CB59C00F31080 /* XCRemoteSwiftPackageReference "fmdb" */;
			productName = FMDB;
		};
		139EBA642B7CFAA700F31080 /* OpenAI */ = {
			isa = XCSwiftPackageProductDependency;
			package = 139EBA632B7CFAA700F31080 /* XCRemoteSwiftPackageReference "OpenAI" */;
			productName = OpenAI;
		};
/* End XCSwiftPackageProductDependency section */
	};
	rootObject = 13B108872B7B44B200FA34AA /* Project object */;
}
