{
  "originHash" : "07c9fbf7a9cc8fb3964cba159adc7d1a0a062af127940291c2c26f7b202357c5",
  "pins" : [
    {
      "identity" : "fmdb",
      "kind" : "remoteSourceControl",
      "location" : "https://github.com/ccgus/fmdb",
      "state" : {
        "revision" : "306c1f8421581d16a8d4a0e919766bb3195dc52b",
        "version" : "2.7.10"
      }
    },
    {
      "identity" : "resolver",
      "kind" : "remoteSourceControl",
      "location" : "https://github.com/hmlongco/Resolver.git",
      "state" : {
        "revision" : "47602af1ac8d7952299fbd0bda3cfbd12cf3a8ca",
        "version" : "1.5.1"
      }
    }
  ],
  "version" : 3
}
